
Microsoft Visual Studio Solution File, Format Version 12.00
# Visual Studio Version 17
VisualStudioVersion = 17.5.002.0
MinimumVisualStudioVersion = 10.0.40219.1
Project("{9A19103F-16F7-4668-BE54-9A1E7A4F7556}") = "#1", "#1\#1.csproj", "{132261B9-FDB8-4268-9988-BECC4BE4A632}"
EndProject
Project("{FAE04EC0-301F-11D3-BF4B-00C04F79EFBC}") = "#4", "#4\#4.csproj", "{3935FFCA-F429-43ED-8848-B062C39EBB9F}"
EndProject
Project("{FAE04EC0-301F-11D3-BF4B-00C04F79EFBC}") = "#5", "#5\#5.csproj", "{4D7CDC90-9F7D-4F9E-BB51-55B9A111DCF3}"
EndProject
Project("{FAE04EC0-301F-11D3-BF4B-00C04F79EFBC}") = "#3", "#3\#3.csproj", "{DB8C69C8-B90F-47EA-A7AA-FEBC328722C8}"
EndProject
Project("{FAE04EC0-301F-11D3-BF4B-00C04F79EFBC}") = "#2", "#2\#2.csproj", "{03788941-6FFE-48EF-B595-A3B0E2042CCE}"
EndProject
Project("{FAE04EC0-301F-11D3-BF4B-00C04F79EFBC}") = "#6", "#6\#6.csproj", "{67FDEADC-38CC-4916-9B1F-6B4C50DB5313}"
EndProject
Project("{FAE04EC0-301F-11D3-BF4B-00C04F79EFBC}") = "#7", "#7\#7.csproj", "{0CA8441A-18D6-41B0-8B9D-1C54371D6788}"
EndProject
Project("{FAE04EC0-301F-11D3-BF4B-00C04F79EFBC}") = "#8", "#8\#8.csproj", "{B4815269-B301-4197-B76A-377E385ED376}"
EndProject
Project("{FAE04EC0-301F-11D3-BF4B-00C04F79EFBC}") = "#9", "#9\#9.csproj", "{4849CD67-8288-4276-8948-A27387680BAF}"
EndProject
Project("{FAE04EC0-301F-11D3-BF4B-00C04F79EFBC}") = "#10", "#10\#10.csproj", "{B60BC6AD-B28D-495D-8A52-C12CA01129EB}"
EndProject
Project("{FAE04EC0-301F-11D3-BF4B-00C04F79EFBC}") = "#11", "#11\#11.csproj", "{1EDC130B-08A2-4BBC-974C-BAF67204F5D7}"
EndProject
Project("{FAE04EC0-301F-11D3-BF4B-00C04F79EFBC}") = "#12", "#12\#12.csproj", "{63B630EF-87A4-450F-8F46-683670DEF2AE}"
EndProject
Project("{FAE04EC0-301F-11D3-BF4B-00C04F79EFBC}") = "#13", "#13\#13.csproj", "{78EC1D5E-65E6-4186-8545-75F03ED50B21}"
EndProject
Project("{FAE04EC0-301F-11D3-BF4B-00C04F79EFBC}") = "#14", "#14\#14.csproj", "{BB9EE35A-5371-4036-ABEC-56800E7E75C8}"
EndProject
Global
	GlobalSection(SolutionConfigurationPlatforms) = preSolution
		Debug|Any CPU = Debug|Any CPU
		Release|Any CPU = Release|Any CPU
	EndGlobalSection
	GlobalSection(ProjectConfigurationPlatforms) = postSolution
		{132261B9-FDB8-4268-9988-BECC4BE4A632}.Debug|Any CPU.ActiveCfg = Debug|Any CPU
		{132261B9-FDB8-4268-9988-BECC4BE4A632}.Debug|Any CPU.Build.0 = Debug|Any CPU
		{132261B9-FDB8-4268-9988-BECC4BE4A632}.Release|Any CPU.ActiveCfg = Release|Any CPU
		{132261B9-FDB8-4268-9988-BECC4BE4A632}.Release|Any CPU.Build.0 = Release|Any CPU
		{3935FFCA-F429-43ED-8848-B062C39EBB9F}.Debug|Any CPU.ActiveCfg = Debug|Any CPU
		{3935FFCA-F429-43ED-8848-B062C39EBB9F}.Debug|Any CPU.Build.0 = Debug|Any CPU
		{3935FFCA-F429-43ED-8848-B062C39EBB9F}.Release|Any CPU.ActiveCfg = Release|Any CPU
		{3935FFCA-F429-43ED-8848-B062C39EBB9F}.Release|Any CPU.Build.0 = Release|Any CPU
		{4D7CDC90-9F7D-4F9E-BB51-55B9A111DCF3}.Debug|Any CPU.ActiveCfg = Debug|Any CPU
		{4D7CDC90-9F7D-4F9E-BB51-55B9A111DCF3}.Debug|Any CPU.Build.0 = Debug|Any CPU
		{4D7CDC90-9F7D-4F9E-BB51-55B9A111DCF3}.Release|Any CPU.ActiveCfg = Release|Any CPU
		{4D7CDC90-9F7D-4F9E-BB51-55B9A111DCF3}.Release|Any CPU.Build.0 = Release|Any CPU
		{DB8C69C8-B90F-47EA-A7AA-FEBC328722C8}.Debug|Any CPU.ActiveCfg = Debug|Any CPU
		{DB8C69C8-B90F-47EA-A7AA-FEBC328722C8}.Debug|Any CPU.Build.0 = Debug|Any CPU
		{DB8C69C8-B90F-47EA-A7AA-FEBC328722C8}.Release|Any CPU.ActiveCfg = Release|Any CPU
		{DB8C69C8-B90F-47EA-A7AA-FEBC328722C8}.Release|Any CPU.Build.0 = Release|Any CPU
		{03788941-6FFE-48EF-B595-A3B0E2042CCE}.Debug|Any CPU.ActiveCfg = Debug|Any CPU
		{03788941-6FFE-48EF-B595-A3B0E2042CCE}.Debug|Any CPU.Build.0 = Debug|Any CPU
		{03788941-6FFE-48EF-B595-A3B0E2042CCE}.Release|Any CPU.ActiveCfg = Release|Any CPU
		{03788941-6FFE-48EF-B595-A3B0E2042CCE}.Release|Any CPU.Build.0 = Release|Any CPU
		{67FDEADC-38CC-4916-9B1F-6B4C50DB5313}.Debug|Any CPU.ActiveCfg = Debug|Any CPU
		{67FDEADC-38CC-4916-9B1F-6B4C50DB5313}.Debug|Any CPU.Build.0 = Debug|Any CPU
		{67FDEADC-38CC-4916-9B1F-6B4C50DB5313}.Release|Any CPU.ActiveCfg = Release|Any CPU
		{67FDEADC-38CC-4916-9B1F-6B4C50DB5313}.Release|Any CPU.Build.0 = Release|Any CPU
		{0CA8441A-18D6-41B0-8B9D-1C54371D6788}.Debug|Any CPU.ActiveCfg = Debug|Any CPU
		{0CA8441A-18D6-41B0-8B9D-1C54371D6788}.Debug|Any CPU.Build.0 = Debug|Any CPU
		{0CA8441A-18D6-41B0-8B9D-1C54371D6788}.Release|Any CPU.ActiveCfg = Release|Any CPU
		{0CA8441A-18D6-41B0-8B9D-1C54371D6788}.Release|Any CPU.Build.0 = Release|Any CPU
		{B4815269-B301-4197-B76A-377E385ED376}.Debug|Any CPU.ActiveCfg = Debug|Any CPU
		{B4815269-B301-4197-B76A-377E385ED376}.Debug|Any CPU.Build.0 = Debug|Any CPU
		{B4815269-B301-4197-B76A-377E385ED376}.Release|Any CPU.ActiveCfg = Release|Any CPU
		{B4815269-B301-4197-B76A-377E385ED376}.Release|Any CPU.Build.0 = Release|Any CPU
		{4849CD67-8288-4276-8948-A27387680BAF}.Debug|Any CPU.ActiveCfg = Debug|Any CPU
		{4849CD67-8288-4276-8948-A27387680BAF}.Debug|Any CPU.Build.0 = Debug|Any CPU
		{4849CD67-8288-4276-8948-A27387680BAF}.Release|Any CPU.ActiveCfg = Release|Any CPU
		{4849CD67-8288-4276-8948-A27387680BAF}.Release|Any CPU.Build.0 = Release|Any CPU
		{B60BC6AD-B28D-495D-8A52-C12CA01129EB}.Debug|Any CPU.ActiveCfg = Debug|Any CPU
		{B60BC6AD-B28D-495D-8A52-C12CA01129EB}.Debug|Any CPU.Build.0 = Debug|Any CPU
		{B60BC6AD-B28D-495D-8A52-C12CA01129EB}.Release|Any CPU.ActiveCfg = Release|Any CPU
		{B60BC6AD-B28D-495D-8A52-C12CA01129EB}.Release|Any CPU.Build.0 = Release|Any CPU
		{1EDC130B-08A2-4BBC-974C-BAF67204F5D7}.Debug|Any CPU.ActiveCfg = Debug|Any CPU
		{1EDC130B-08A2-4BBC-974C-BAF67204F5D7}.Debug|Any CPU.Build.0 = Debug|Any CPU
		{1EDC130B-08A2-4BBC-974C-BAF67204F5D7}.Release|Any CPU.ActiveCfg = Release|Any CPU
		{1EDC130B-08A2-4BBC-974C-BAF67204F5D7}.Release|Any CPU.Build.0 = Release|Any CPU
		{63B630EF-87A4-450F-8F46-683670DEF2AE}.Debug|Any CPU.ActiveCfg = Debug|Any CPU
		{63B630EF-87A4-450F-8F46-683670DEF2AE}.Debug|Any CPU.Build.0 = Debug|Any CPU
		{63B630EF-87A4-450F-8F46-683670DEF2AE}.Release|Any CPU.ActiveCfg = Release|Any CPU
		{63B630EF-87A4-450F-8F46-683670DEF2AE}.Release|Any CPU.Build.0 = Release|Any CPU
		{78EC1D5E-65E6-4186-8545-75F03ED50B21}.Debug|Any CPU.ActiveCfg = Debug|Any CPU
		{78EC1D5E-65E6-4186-8545-75F03ED50B21}.Debug|Any CPU.Build.0 = Debug|Any CPU
		{78EC1D5E-65E6-4186-8545-75F03ED50B21}.Release|Any CPU.ActiveCfg = Release|Any CPU
		{78EC1D5E-65E6-4186-8545-75F03ED50B21}.Release|Any CPU.Build.0 = Release|Any CPU
		{BB9EE35A-5371-4036-ABEC-56800E7E75C8}.Debug|Any CPU.ActiveCfg = Debug|Any CPU
		{BB9EE35A-5371-4036-ABEC-56800E7E75C8}.Debug|Any CPU.Build.0 = Debug|Any CPU
		{BB9EE35A-5371-4036-ABEC-56800E7E75C8}.Release|Any CPU.ActiveCfg = Release|Any CPU
		{BB9EE35A-5371-4036-ABEC-56800E7E75C8}.Release|Any CPU.Build.0 = Release|Any CPU
	EndGlobalSection
	GlobalSection(SolutionProperties) = preSolution
		HideSolutionNode = FALSE
	EndGlobalSection
	GlobalSection(ExtensibilityGlobals) = postSolution
		SolutionGuid = {AAF61EEB-1BED-47BA-B0D6-E6B2175B67B1}
	EndGlobalSection
EndGlobal
